
Microsoft Visual Studio Solution File, Format Version 12.00
# Visual Studio Version 17
VisualStudioVersion = 17.0.31903.59
MinimumVisualStudioVersion = 10.0.40219.1
Project("{9A19103F-16F7-4668-BE54-9A1E7A4F7556}") = "ShoppingCart", "ShoppingCart.csproj", "{18022F7F-DF8C-4EAC-A2EA-74E3367E9DA1}"
EndProject
Project("{2150E333-8FDC-42A3-9474-1A3956D46DE8}") = "Requests", "Requests", "{43E4D59F-629E-423F-8AB1-7574E833950F}"
	ProjectSection(SolutionItems) = preProject
		requests.http = requests.http
	EndProjectSection
EndProject
Global
	GlobalSection(SolutionConfigurationPlatforms) = preSolution
		Debug|Any CPU = Debug|Any CPU
		Release|Any CPU = Release|Any CPU
	EndGlobalSection
	GlobalSection(ProjectConfigurationPlatforms) = postSolution
		{18022F7F-DF8C-4EAC-A2EA-74E3367E9DA1}.Debug|Any CPU.ActiveCfg = Debug|Any CPU
		{18022F7F-DF8C-4EAC-A2EA-74E3367E9DA1}.Debug|Any CPU.Build.0 = Debug|Any CPU
		{18022F7F-DF8C-4EAC-A2EA-74E3367E9DA1}.Release|Any CPU.ActiveCfg = Release|Any CPU
		{18022F7F-DF8C-4EAC-A2EA-74E3367E9DA1}.Release|Any CPU.Build.0 = Release|Any CPU
	EndGlobalSection
	GlobalSection(SolutionProperties) = preSolution
		HideSolutionNode = FALSE
	EndGlobalSection
	GlobalSection(ExtensibilityGlobals) = postSolution
		SolutionGuid = {378525CD-0741-46FA-82E2-D2AE586277FC}
	EndGlobalSection
EndGlobal
