
Microsoft Visual Studio Solution File, Format Version 12.00
# Visual Studio Version 17
VisualStudioVersion = 17.5.33627.172
MinimumVisualStudioVersion = 10.0.40219.1
Project("{9A19103F-16F7-4668-BE54-9A1E7A4F7556}") = "ShoppingCart", "..\ShoppingCart.csproj", "{404B4914-A28D-4CA3-80D7-E913CDE0B712}"
EndProject
Project("{2150E333-8FDC-42A3-9474-1A3956D46DE8}") = "Solution Items", "Solution Items", "{7168C579-69BD-484B-A0CA-58310C83781D}"
EndProject
Global
	GlobalSection(SolutionConfigurationPlatforms) = preSolution
		Debug|Any CPU = Debug|Any CPU
		Release|Any CPU = Release|Any CPU
	EndGlobalSection
	GlobalSection(ProjectConfigurationPlatforms) = postSolution
		{404B4914-A28D-4CA3-80D7-E913CDE0B712}.Debug|Any CPU.ActiveCfg = Debug|Any CPU
		{404B4914-A28D-4CA3-80D7-E913CDE0B712}.Debug|Any CPU.Build.0 = Debug|Any CPU
		{404B4914-A28D-4CA3-80D7-E913CDE0B712}.Release|Any CPU.ActiveCfg = Release|Any CPU
		{404B4914-A28D-4CA3-80D7-E913CDE0B712}.Release|Any CPU.Build.0 = Release|Any CPU
	EndGlobalSection
	GlobalSection(SolutionProperties) = preSolution
		HideSolutionNode = FALSE
	EndGlobalSection
	GlobalSection(ExtensibilityGlobals) = postSolution
		SolutionGuid = {F2A05F50-9161-4A14-9A03-9DB3C860A0EF}
	EndGlobalSection
EndGlobal
